// !$*UTF8*$!
{
	archiveVersion = 1;
	classes = {
	};
	objectVersion = 46;
	objects = {

/* Begin PBXBuildFile section */
		22F19C1617CFBB1A00F12EB0 /* InfoPlist.strings in Resources */ = {isa = PBXBuildFile; fileRef = 22F19C1417CFBB1A00F12EB0 /* InfoPlist.strings */; };
		22F19C1817CFBB1A00F12EB0 /* main.m in Sources */ = {isa = PBXBuildFile; fileRef = 22F19C1717CFBB1A00F12EB0 /* main.m */; };
		22F19C1C17CFBB1A00F12EB0 /* AppDelegate.m in Sources */ = {isa = PBXBuildFile; fileRef = 22F19C1B17CFBB1A00F12EB0 /* AppDelegate.m */; };
		22F19C1E17CFBB1A00F12EB0 /* Default.png in Resources */ = {isa = PBXBuildFile; fileRef = 22F19C1D17CFBB1A00F12EB0 /* Default.png */; };
		22F19C2017CFBB1A00F12EB0 /* Default@2x.png in Resources */ = {isa = PBXBuildFile; fileRef = 22F19C1F17CFBB1A00F12EB0 /* Default@2x.png */; };
		22F19C2217CFBB1A00F12EB0 /* Default-568h@2x.png in Resources */ = {isa = PBXBuildFile; fileRef = 22F19C2117CFBB1A00F12EB0 /* Default-568h@2x.png */; };
		22F19C2B17CFBB6B00F12EB0 /* MainViewController.m in Sources */ = {isa = PBXBuildFile; fileRef = 22F19C2917CFBB6B00F12EB0 /* MainViewController.m */; };
		22F19C2C17CFBB6B00F12EB0 /* MainViewController.xib in Resources */ = {isa = PBXBuildFile; fileRef = 22F19C2A17CFBB6B00F12EB0 /* MainViewController.xib */; };
		22F19C3617CFC2E900F12EB0 /* UIImage+operation.m in Sources */ = {isa = PBXBuildFile; fileRef = 22F19C3517CFC2E900F12EB0 /* UIImage+operation.m */; };
		22F19CD017CFC9A600F12EB0 /* tessdata in Resources */ = {isa = PBXBuildFile; fileRef = 22F19CCF17CFC9A600F12EB0 /* tessdata */; };
		22F19CD817CFC9C300F12EB0 /* ImageProcessingImplementation.mm in Sources */ = {isa = PBXBuildFile; fileRef = 22F19CD217CFC9C200F12EB0 /* ImageProcessingImplementation.mm */; };
		22F19CD917CFC9C300F12EB0 /* ImageProcessor.cpp in Sources */ = {isa = PBXBuildFile; fileRef = 22F19CD417CFC9C200F12EB0 /* ImageProcessor.cpp */; };
		22F19CDA17CFC9C300F12EB0 /* UIImage+OpenCV.mm in Sources */ = {isa = PBXBuildFile; fileRef = 22F19CD717CFC9C300F12EB0 /* UIImage+OpenCV.mm */; };
		24E24EDE1DDB22DD00267EDA /* libstdc++.6.0.9.dylib in Frameworks */ = {isa = PBXBuildFile; fileRef = 24E24EDD1DDB22DD00267EDA /* libstdc++.6.0.9.dylib */; };
		315A2A35FDF6D8F705D19BEB /* libPods-ANPR.a in Frameworks */ = {isa = PBXBuildFile; fileRef = 4DE328848DBF7CF8013DAC20 /* libPods-ANPR.a */; };
/* End PBXBuildFile section */

/* Begin PBXFileReference section */
		22F19C0817CFBB1A00F12EB0 /* ANPR.app */ = {isa = PBXFileReference; explicitFileType = wrapper.application; includeInIndex = 0; path = ANPR.app; sourceTree = BUILT_PRODUCTS_DIR; };
		22F19C1317CFBB1A00F12EB0 /* ANPR-Info.plist */ = {isa = PBXFileReference; lastKnownFileType = text.plist.xml; path = "ANPR-Info.plist"; sourceTree = "<group>"; };
		22F19C1517CFBB1A00F12EB0 /* en */ = {isa = PBXFileReference; lastKnownFileType = text.plist.strings; name = en; path = en.lproj/InfoPlist.strings; sourceTree = "<group>"; };
		22F19C1717CFBB1A00F12EB0 /* main.m */ = {isa = PBXFileReference; lastKnownFileType = sourcecode.c.objc; path = main.m; sourceTree = "<group>"; };
		22F19C1917CFBB1A00F12EB0 /* ANPR-Prefix.pch */ = {isa = PBXFileReference; lastKnownFileType = sourcecode.c.h; path = "ANPR-Prefix.pch"; sourceTree = "<group>"; };
		22F19C1A17CFBB1A00F12EB0 /* AppDelegate.h */ = {isa = PBXFileReference; lastKnownFileType = sourcecode.c.h; path = AppDelegate.h; sourceTree = "<group>"; };
		22F19C1B17CFBB1A00F12EB0 /* AppDelegate.m */ = {isa = PBXFileReference; lastKnownFileType = sourcecode.c.objc; path = AppDelegate.m; sourceTree = "<group>"; };
		22F19C1D17CFBB1A00F12EB0 /* Default.png */ = {isa = PBXFileReference; lastKnownFileType = image.png; path = Default.png; sourceTree = "<group>"; };
		22F19C1F17CFBB1A00F12EB0 /* Default@2x.png */ = {isa = PBXFileReference; lastKnownFileType = image.png; path = "Default@2x.png"; sourceTree = "<group>"; };
		22F19C2117CFBB1A00F12EB0 /* Default-568h@2x.png */ = {isa = PBXFileReference; lastKnownFileType = image.png; path = "Default-568h@2x.png"; sourceTree = "<group>"; };
		22F19C2817CFBB6B00F12EB0 /* MainViewController.h */ = {isa = PBXFileReference; fileEncoding = 4; lastKnownFileType = sourcecode.c.h; path = MainViewController.h; sourceTree = "<group>"; };
		22F19C2917CFBB6B00F12EB0 /* MainViewController.m */ = {isa = PBXFileReference; fileEncoding = 4; lastKnownFileType = sourcecode.c.objc; path = MainViewController.m; sourceTree = "<group>"; };
		22F19C2A17CFBB6B00F12EB0 /* MainViewController.xib */ = {isa = PBXFileReference; fileEncoding = 4; lastKnownFileType = file.xib; path = MainViewController.xib; sourceTree = "<group>"; };
		22F19C3417CFC2E900F12EB0 /* UIImage+operation.h */ = {isa = PBXFileReference; fileEncoding = 4; lastKnownFileType = sourcecode.c.h; path = "UIImage+operation.h"; sourceTree = "<group>"; };
		22F19C3517CFC2E900F12EB0 /* UIImage+operation.m */ = {isa = PBXFileReference; fileEncoding = 4; lastKnownFileType = sourcecode.c.objc; path = "UIImage+operation.m"; sourceTree = "<group>"; };
		22F19CCF17CFC9A600F12EB0 /* tessdata */ = {isa = PBXFileReference; lastKnownFileType = folder; path = tessdata; sourceTree = "<group>"; };
		22F19CD117CFC9C200F12EB0 /* ImageProcessingImplementation.h */ = {isa = PBXFileReference; fileEncoding = 4; lastKnownFileType = sourcecode.c.h; path = ImageProcessingImplementation.h; sourceTree = "<group>"; };
		22F19CD217CFC9C200F12EB0 /* ImageProcessingImplementation.mm */ = {isa = PBXFileReference; fileEncoding = 4; lastKnownFileType = sourcecode.cpp.objcpp; path = ImageProcessingImplementation.mm; sourceTree = "<group>"; };
		22F19CD317CFC9C200F12EB0 /* ImageProcessingProtocol.h */ = {isa = PBXFileReference; fileEncoding = 4; lastKnownFileType = sourcecode.c.h; path = ImageProcessingProtocol.h; sourceTree = "<group>"; };
		22F19CD417CFC9C200F12EB0 /* ImageProcessor.cpp */ = {isa = PBXFileReference; fileEncoding = 4; lastKnownFileType = sourcecode.cpp.cpp; path = ImageProcessor.cpp; sourceTree = "<group>"; };
		22F19CD517CFC9C200F12EB0 /* ImageProcessor.h */ = {isa = PBXFileReference; fileEncoding = 4; lastKnownFileType = sourcecode.c.h; path = ImageProcessor.h; sourceTree = "<group>"; };
		22F19CD617CFC9C200F12EB0 /* UIImage+OpenCV.h */ = {isa = PBXFileReference; fileEncoding = 4; lastKnownFileType = sourcecode.c.h; path = "UIImage+OpenCV.h"; sourceTree = "<group>"; };
		22F19CD717CFC9C300F12EB0 /* UIImage+OpenCV.mm */ = {isa = PBXFileReference; fileEncoding = 4; lastKnownFileType = sourcecode.cpp.objcpp; path = "UIImage+OpenCV.mm"; sourceTree = "<group>"; };
		24E24EDD1DDB22DD00267EDA /* libstdc++.6.0.9.dylib */ = {isa = PBXFileReference; lastKnownFileType = "compiled.mach-o.dylib"; name = "libstdc++.6.0.9.dylib"; path = "../../../../usr/lib/libstdc++.6.0.9.dylib"; sourceTree = "<group>"; };
		4DE328848DBF7CF8013DAC20 /* libPods-ANPR.a */ = {isa = PBXFileReference; explicitFileType = archive.ar; includeInIndex = 0; path = "libPods-ANPR.a"; sourceTree = BUILT_PRODUCTS_DIR; };
		A51E0250476680DC8C61C795 /* Pods-ANPR.release.xcconfig */ = {isa = PBXFileReference; includeInIndex = 1; lastKnownFileType = text.xcconfig; name = "Pods-ANPR.release.xcconfig"; path = "Pods/Target Support Files/Pods-ANPR/Pods-ANPR.release.xcconfig"; sourceTree = "<group>"; };
		FE802708C686D781BFFA03B4 /* Pods-ANPR.debug.xcconfig */ = {isa = PBXFileReference; includeInIndex = 1; lastKnownFileType = text.xcconfig; name = "Pods-ANPR.debug.xcconfig"; path = "Pods/Target Support Files/Pods-ANPR/Pods-ANPR.debug.xcconfig"; sourceTree = "<group>"; };
/* End PBXFileReference section */

/* Begin PBXFrameworksBuildPhase section */
		22F19C0517CFBB1A00F12EB0 /* Frameworks */ = {
			isa = PBXFrameworksBuildPhase;
			buildActionMask = 2147483647;
			files = (
				24E24EDE1DDB22DD00267EDA /* libstdc++.6.0.9.dylib in Frameworks */,
				315A2A35FDF6D8F705D19BEB /* libPods-ANPR.a in Frameworks */,
			);
			runOnlyForDeploymentPostprocessing = 0;
		};
/* End PBXFrameworksBuildPhase section */

/* Begin PBXGroup section */
		22F19BFF17CFBB1A00F12EB0 = {
			isa = PBXGroup;
			children = (
				22F19C1117CFBB1A00F12EB0 /* ANPR */,
				22F19C0A17CFBB1A00F12EB0 /* Frameworks */,
				22F19C0917CFBB1A00F12EB0 /* Products */,
				F8B53DE4537EFD3024709E74 /* Pods */,
			);
			sourceTree = "<group>";
		};
		22F19C0917CFBB1A00F12EB0 /* Products */ = {
			isa = PBXGroup;
			children = (
				22F19C0817CFBB1A00F12EB0 /* ANPR.app */,
			);
			name = Products;
			sourceTree = "<group>";
		};
		22F19C0A17CFBB1A00F12EB0 /* Frameworks */ = {
			isa = PBXGroup;
			children = (
				24E24EDD1DDB22DD00267EDA /* libstdc++.6.0.9.dylib */,
				4DE328848DBF7CF8013DAC20 /* libPods-ANPR.a */,
			);
			name = Frameworks;
			sourceTree = "<group>";
		};
		22F19C1117CFBB1A00F12EB0 /* ANPR */ = {
			isa = PBXGroup;
			children = (
				22F19CCF17CFC9A600F12EB0 /* tessdata */,
				22F19C1A17CFBB1A00F12EB0 /* AppDelegate.h */,
				22F19C1B17CFBB1A00F12EB0 /* AppDelegate.m */,
				22F19C2817CFBB6B00F12EB0 /* MainViewController.h */,
				22F19C2917CFBB6B00F12EB0 /* MainViewController.m */,
				22F19C2A17CFBB6B00F12EB0 /* MainViewController.xib */,
				22F19CD117CFC9C200F12EB0 /* ImageProcessingImplementation.h */,
				22F19CD217CFC9C200F12EB0 /* ImageProcessingImplementation.mm */,
				22F19CD317CFC9C200F12EB0 /* ImageProcessingProtocol.h */,
				22F19CD417CFC9C200F12EB0 /* ImageProcessor.cpp */,
				22F19CD517CFC9C200F12EB0 /* ImageProcessor.h */,
				22F19CD617CFC9C200F12EB0 /* UIImage+OpenCV.h */,
				22F19CD717CFC9C300F12EB0 /* UIImage+OpenCV.mm */,
				22F19C3417CFC2E900F12EB0 /* UIImage+operation.h */,
				22F19C3517CFC2E900F12EB0 /* UIImage+operation.m */,
				22F19C1217CFBB1A00F12EB0 /* Supporting Files */,
			);
			path = ANPR;
			sourceTree = "<group>";
		};
		22F19C1217CFBB1A00F12EB0 /* Supporting Files */ = {
			isa = PBXGroup;
			children = (
				22F19C1317CFBB1A00F12EB0 /* ANPR-Info.plist */,
				22F19C1417CFBB1A00F12EB0 /* InfoPlist.strings */,
				22F19C1717CFBB1A00F12EB0 /* main.m */,
				22F19C1917CFBB1A00F12EB0 /* ANPR-Prefix.pch */,
				22F19C1D17CFBB1A00F12EB0 /* Default.png */,
				22F19C1F17CFBB1A00F12EB0 /* Default@2x.png */,
				22F19C2117CFBB1A00F12EB0 /* Default-568h@2x.png */,
			);
			name = "Supporting Files";
			sourceTree = "<group>";
		};
		F8B53DE4537EFD3024709E74 /* Pods */ = {
			isa = PBXGroup;
			children = (
				FE802708C686D781BFFA03B4 /* Pods-ANPR.debug.xcconfig */,
				A51E0250476680DC8C61C795 /* Pods-ANPR.release.xcconfig */,
			);
			name = Pods;
			sourceTree = "<group>";
		};
/* End PBXGroup section */

/* Begin PBXNativeTarget section */
		22F19C0717CFBB1A00F12EB0 /* ANPR */ = {
			isa = PBXNativeTarget;
			buildConfigurationList = 22F19C2517CFBB1A00F12EB0 /* Build configuration list for PBXNativeTarget "ANPR" */;
			buildPhases = (
				F2F912B83BABEB12EA5D52E3 /* [CP] Check Pods Manifest.lock */,
				22F19C0417CFBB1A00F12EB0 /* Sources */,
				22F19C0517CFBB1A00F12EB0 /* Frameworks */,
				22F19C0617CFBB1A00F12EB0 /* Resources */,
				BE0A01BDE463B937EDEB7CE3 /* [CP] Embed Pods Frameworks */,
				120C85DDFCBBD64ECD54DFC3 /* [CP] Copy Pods Resources */,
			);
			buildRules = (
			);
			dependencies = (
			);
			name = ANPR;
			productName = ANPR;
			productReference = 22F19C0817CFBB1A00F12EB0 /* ANPR.app */;
			productType = "com.apple.product-type.application";
		};
/* End PBXNativeTarget section */

/* Begin PBXProject section */
		22F19C0017CFBB1A00F12EB0 /* Project object */ = {
			isa = PBXProject;
			attributes = {
				LastUpgradeCheck = 0460;
				ORGANIZATIONNAME = "Christian Roman";
			};
			buildConfigurationList = 22F19C0317CFBB1A00F12EB0 /* Build configuration list for PBXProject "ANPR" */;
			compatibilityVersion = "Xcode 3.2";
			developmentRegion = English;
			hasScannedForEncodings = 0;
			knownRegions = (
				en,
			);
			mainGroup = 22F19BFF17CFBB1A00F12EB0;
			productRefGroup = 22F19C0917CFBB1A00F12EB0 /* Products */;
			projectDirPath = "";
			projectRoot = "";
			targets = (
				22F19C0717CFBB1A00F12EB0 /* ANPR */,
			);
		};
/* End PBXProject section */

/* Begin PBXResourcesBuildPhase section */
		22F19C0617CFBB1A00F12EB0 /* Resources */ = {
			isa = PBXResourcesBuildPhase;
			buildActionMask = 2147483647;
			files = (
				22F19C1617CFBB1A00F12EB0 /* InfoPlist.strings in Resources */,
				22F19C1E17CFBB1A00F12EB0 /* Default.png in Resources */,
				22F19C2017CFBB1A00F12EB0 /* Default@2x.png in Resources */,
				22F19C2217CFBB1A00F12EB0 /* Default-568h@2x.png in Resources */,
				22F19C2C17CFBB6B00F12EB0 /* MainViewController.xib in Resources */,
				22F19CD017CFC9A600F12EB0 /* tessdata in Resources */,
			);
			runOnlyForDeploymentPostprocessing = 0;
		};
/* End PBXResourcesBuildPhase section */

/* Begin PBXShellScriptBuildPhase section */
		120C85DDFCBBD64ECD54DFC3 /* [CP] Copy Pods Resources */ = {
			isa = PBXShellScriptBuildPhase;
			buildActionMask = 2147483647;
			files = (
			);
			inputPaths = (
			);
			name = "[CP] Copy Pods Resources";
			outputPaths = (
			);
			runOnlyForDeploymentPostprocessing = 0;
			shellPath = /bin/sh;
			shellScript = "\"${SRCROOT}/Pods/Target Support Files/Pods-ANPR/Pods-ANPR-resources.sh\"\n";
			showEnvVarsInLog = 0;
		};
		BE0A01BDE463B937EDEB7CE3 /* [CP] Embed Pods Frameworks */ = {
			isa = PBXShellScriptBuildPhase;
			buildActionMask = 2147483647;
			files = (
			);
			inputPaths = (
			);
			name = "[CP] Embed Pods Frameworks";
			outputPaths = (
			);
			runOnlyForDeploymentPostprocessing = 0;
			shellPath = /bin/sh;
			shellScript = "\"${SRCROOT}/Pods/Target Support Files/Pods-ANPR/Pods-ANPR-frameworks.sh\"\n";
			showEnvVarsInLog = 0;
		};
		F2F912B83BABEB12EA5D52E3 /* [CP] Check Pods Manifest.lock */ = {
			isa = PBXShellScriptBuildPhase;
			buildActionMask = 2147483647;
			files = (
			);
			inputPaths = (
			);
			name = "[CP] Check Pods Manifest.lock";
			outputPaths = (
			);
			runOnlyForDeploymentPostprocessing = 0;
			shellPath = /bin/sh;
			shellScript = "diff \"${PODS_ROOT}/../Podfile.lock\" \"${PODS_ROOT}/Manifest.lock\" > /dev/null\nif [ $? != 0 ] ; then\n    # print error to STDERR\n    echo \"error: The sandbox is not in sync with the Podfile.lock. Run 'pod install' or update your CocoaPods installation.\" >&2\n    exit 1\nfi\n";
			showEnvVarsInLog = 0;
		};
/* End PBXShellScriptBuildPhase section */

/* Begin PBXSourcesBuildPhase section */
		22F19C0417CFBB1A00F12EB0 /* Sources */ = {
			isa = PBXSourcesBuildPhase;
			buildActionMask = 2147483647;
			files = (
				22F19C1817CFBB1A00F12EB0 /* main.m in Sources */,
				22F19C1C17CFBB1A00F12EB0 /* AppDelegate.m in Sources */,
				22F19C2B17CFBB6B00F12EB0 /* MainViewController.m in Sources */,
				22F19C3617CFC2E900F12EB0 /* UIImage+operation.m in Sources */,
				22F19CD817CFC9C300F12EB0 /* ImageProcessingImplementation.mm in Sources */,
				22F19CD917CFC9C300F12EB0 /* ImageProcessor.cpp in Sources */,
				22F19CDA17CFC9C300F12EB0 /* UIImage+OpenCV.mm in Sources */,
			);
			runOnlyForDeploymentPostprocessing = 0;
		};
/* End PBXSourcesBuildPhase section */

/* Begin PBXVariantGroup section */
		22F19C1417CFBB1A00F12EB0 /* InfoPlist.strings */ = {
			isa = PBXVariantGroup;
			children = (
				22F19C1517CFBB1A00F12EB0 /* en */,
			);
			name = InfoPlist.strings;
			sourceTree = "<group>";
		};
/* End PBXVariantGroup section */

/* Begin XCBuildConfiguration section */
		22F19C2317CFBB1A00F12EB0 /* Debug */ = {
			isa = XCBuildConfiguration;
			buildSettings = {
				ALWAYS_SEARCH_USER_PATHS = NO;
				CLANG_CXX_LANGUAGE_STANDARD = "gnu++0x";
				CLANG_CXX_LIBRARY = "libc++";
				CLANG_ENABLE_OBJC_ARC = YES;
				CLANG_WARN_CONSTANT_CONVERSION = YES;
				CLANG_WARN_EMPTY_BODY = YES;
				CLANG_WARN_ENUM_CONVERSION = YES;
				CLANG_WARN_INT_CONVERSION = YES;
				CLANG_WARN__DUPLICATE_METHOD_MATCH = YES;
				"CODE_SIGN_IDENTITY[sdk=iphoneos*]" = "iPhone Developer";
				COPY_PHASE_STRIP = NO;
				GCC_C_LANGUAGE_STANDARD = gnu99;
				GCC_DYNAMIC_NO_PIC = NO;
				GCC_OPTIMIZATION_LEVEL = 0;
				GCC_PREPROCESSOR_DEFINITIONS = (
					"DEBUG=1",
					"$(inherited)",
				);
				GCC_SYMBOLS_PRIVATE_EXTERN = NO;
				GCC_WARN_ABOUT_RETURN_TYPE = YES;
				GCC_WARN_UNINITIALIZED_AUTOS = YES;
				GCC_WARN_UNUSED_VARIABLE = YES;
				IPHONEOS_DEPLOYMENT_TARGET = 6.1;
				ONLY_ACTIVE_ARCH = YES;
				SDKROOT = iphoneos;
			};
			name = Debug;
		};
		22F19C2417CFBB1A00F12EB0 /* Release */ = {
			isa = XCBuildConfiguration;
			buildSettings = {
				ALWAYS_SEARCH_USER_PATHS = NO;
				CLANG_CXX_LANGUAGE_STANDARD = "gnu++0x";
				CLANG_CXX_LIBRARY = "libc++";
				CLANG_ENABLE_OBJC_ARC = YES;
				CLANG_WARN_CONSTANT_CONVERSION = YES;
				CLANG_WARN_EMPTY_BODY = YES;
				CLANG_WARN_ENUM_CONVERSION = YES;
				CLANG_WARN_INT_CONVERSION = YES;
				CLANG_WARN__DUPLICATE_METHOD_MATCH = YES;
				"CODE_SIGN_IDENTITY[sdk=iphoneos*]" = "iPhone Developer";
				COPY_PHASE_STRIP = YES;
				GCC_C_LANGUAGE_STANDARD = gnu99;
				GCC_WARN_ABOUT_RETURN_TYPE = YES;
				GCC_WARN_UNINITIALIZED_AUTOS = YES;
				GCC_WARN_UNUSED_VARIABLE = YES;
				IPHONEOS_DEPLOYMENT_TARGET = 6.1;
				OTHER_CFLAGS = "-DNS_BLOCK_ASSERTIONS=1";
				SDKROOT = iphoneos;
				VALIDATE_PRODUCT = YES;
			};
			name = Release;
		};
		22F19C2617CFBB1A00F12EB0 /* Debug */ = {
			isa = XCBuildConfiguration;
			baseConfigurationReference = FE802708C686D781BFFA03B4 /* Pods-ANPR.debug.xcconfig */;
			buildSettings = {
				CLANG_CXX_LANGUAGE_STANDARD = "compiler-default";
				CLANG_CXX_LIBRARY = "compiler-default";
				DEVELOPMENT_TEAM = "";
				ENABLE_BITCODE = NO;
				FRAMEWORK_SEARCH_PATHS = (
					"$(inherited)",
					"\"$(SRCROOT)\"",
				);
				GCC_PRECOMPILE_PREFIX_HEADER = YES;
				GCC_PREFIX_HEADER = "ANPR/ANPR-Prefix.pch";
				INFOPLIST_FILE = "ANPR/ANPR-Info.plist";
				IPHONEOS_DEPLOYMENT_TARGET = 8.0;
				LIBRARY_SEARCH_PATHS = (
					"$(inherited)",
					"\"$(SRCROOT)/ANPR/dependencies/lib\"",
				);
				PRODUCT_BUNDLE_IDENTIFIER = dk.eightyplus.ANPR;
				PRODUCT_NAME = "$(TARGET_NAME)";
				WRAPPER_EXTENSION = app;
			};
			name = Debug;
		};
		22F19C2717CFBB1A00F12EB0 /* Release */ = {
			isa = XCBuildConfiguration;
			baseConfigurationReference = A51E0250476680DC8C61C795 /* Pods-ANPR.release.xcconfig */;
			buildSettings = {
				CLANG_CXX_LANGUAGE_STANDARD = "compiler-default";
				CLANG_CXX_LIBRARY = "compiler-default";
				DEVELOPMENT_TEAM = "";
				ENABLE_BITCODE = NO;
				FRAMEWORK_SEARCH_PATHS = (
					"$(inherited)",
					"\"$(SRCROOT)\"",
				);
				GCC_PRECOMPILE_PREFIX_HEADER = YES;
				GCC_PREFIX_HEADER = "ANPR/ANPR-Prefix.pch";
				INFOPLIST_FILE = "ANPR/ANPR-Info.plist";
				IPHONEOS_DEPLOYMENT_TARGET = 8.0;
				LIBRARY_SEARCH_PATHS = (
					"$(inherited)",
					"\"$(SRCROOT)/ANPR/dependencies/lib\"",
				);
				PRODUCT_BUNDLE_IDENTIFIER = dk.eightyplus.ANPR;
				PRODUCT_NAME = "$(TARGET_NAME)";
				WRAPPER_EXTENSION = app;
			};
			name = Release;
		};
/* End XCBuildConfiguration section */

/* Begin XCConfigurationList section */
		22F19C0317CFBB1A00F12EB0 /* Build configuration list for PBXProject "ANPR" */ = {
			isa = XCConfigurationList;
			buildConfigurations = (
				22F19C2317CFBB1A00F12EB0 /* Debug */,
				22F19C2417CFBB1A00F12EB0 /* Release */,
			);
			defaultConfigurationIsVisible = 0;
			defaultConfigurationName = Release;
		};
		22F19C2517CFBB1A00F12EB0 /* Build configuration list for PBXNativeTarget "ANPR" */ = {
			isa = XCConfigurationList;
			buildConfigurations = (
				22F19C2617CFBB1A00F12EB0 /* Debug */,
				22F19C2717CFBB1A00F12EB0 /* Release */,
			);
			defaultConfigurationIsVisible = 0;
			defaultConfigurationName = Release;
		};
/* End XCConfigurationList section */
	};
	rootObject = 22F19C0017CFBB1A00F12EB0 /* Project object */;
}
